PODS:
  - cool_datepicker (0.0.1):
    - Flutter
  - Flutter (1.0.0)

DEPENDENCIES:
  - cool_datepicker (from `.symlinks/plugins/cool_datepicker/ios`)
  - Flutter (from `Flutter`)

EXTERNAL SOURCES:
  cool_datepicker:
    :path: ".symlinks/plugins/cool_datepicker/ios"
  Flutter:
    :path: Flutter

SPEC CHECKSUMS:
  cool_datepicker: ec30acc9e3433710fd240b529a3f01568c92d8dc
  Flutter: e0871f40cf51350855a761d2e70bf5af5b9b5de7

PODFILE CHECKSUM: c4c93c5f6502fe2754f48404d3594bf779584011

COCOAPODS: 1.13.0
